
Microsoft Visual Studio Solution File, Format Version 12.00
# Visual Studio Version 16
VisualStudioVersion = 16.0.31005.135
MinimumVisualStudioVersion = 15.0.26124.0
Project("{9A19103F-16F7-4668-BE54-9A1E7A4F7556}") = "API", "API\API.csproj", "{12128E80-FE0C-43E0-8C0E-CB3B4E708A6E}"
EndProject
Project("{FAE04EC0-301F-11D3-BF4B-00C04F79EFBC}") = "XUnitTests", "XUnitTests\XUnitTests.csproj", "{1E323A94-2CF9-40EA-8640-BE3820E228FD}"
EndProject
Global
	GlobalSection(SolutionConfigurationPlatforms) = preSolution
		Debug|Any CPU = Debug|Any CPU
		Debug|x64 = Debug|x64
		Debug|x86 = Debug|x86
		Release|Any CPU = Release|Any CPU
		Release|x64 = Release|x64
		Release|x86 = Release|x86
	EndGlobalSection
	GlobalSection(ProjectConfigurationPlatforms) = postSolution
		{12128E80-FE0C-43E0-8C0E-CB3B4E708A6E}.Debug|Any CPU.ActiveCfg = Debug|Any CPU
		{12128E80-FE0C-43E0-8C0E-CB3B4E708A6E}.Debug|Any CPU.Build.0 = Debug|Any CPU
		{12128E80-FE0C-43E0-8C0E-CB3B4E708A6E}.Debug|x64.ActiveCfg = Debug|Any CPU
		{12128E80-FE0C-43E0-8C0E-CB3B4E708A6E}.Debug|x64.Build.0 = Debug|Any CPU
		{12128E80-FE0C-43E0-8C0E-CB3B4E708A6E}.Debug|x86.ActiveCfg = Debug|Any CPU
		{12128E80-FE0C-43E0-8C0E-CB3B4E708A6E}.Debug|x86.Build.0 = Debug|Any CPU
		{12128E80-FE0C-43E0-8C0E-CB3B4E708A6E}.Release|Any CPU.ActiveCfg = Release|Any CPU
		{12128E80-FE0C-43E0-8C0E-CB3B4E708A6E}.Release|Any CPU.Build.0 = Release|Any CPU
		{12128E80-FE0C-43E0-8C0E-CB3B4E708A6E}.Release|x64.ActiveCfg = Release|Any CPU
		{12128E80-FE0C-43E0-8C0E-CB3B4E708A6E}.Release|x64.Build.0 = Release|Any CPU
		{12128E80-FE0C-43E0-8C0E-CB3B4E708A6E}.Release|x86.ActiveCfg = Release|Any CPU
		{12128E80-FE0C-43E0-8C0E-CB3B4E708A6E}.Release|x86.Build.0 = Release|Any CPU
		{1E323A94-2CF9-40EA-8640-BE3820E228FD}.Debug|Any CPU.ActiveCfg = Debug|Any CPU
		{1E323A94-2CF9-40EA-8640-BE3820E228FD}.Debug|Any CPU.Build.0 = Debug|Any CPU
		{1E323A94-2CF9-40EA-8640-BE3820E228FD}.Debug|x64.ActiveCfg = Debug|Any CPU
		{1E323A94-2CF9-40EA-8640-BE3820E228FD}.Debug|x64.Build.0 = Debug|Any CPU
		{1E323A94-2CF9-40EA-8640-BE3820E228FD}.Debug|x86.ActiveCfg = Debug|Any CPU
		{1E323A94-2CF9-40EA-8640-BE3820E228FD}.Debug|x86.Build.0 = Debug|Any CPU
		{1E323A94-2CF9-40EA-8640-BE3820E228FD}.Release|Any CPU.ActiveCfg = Release|Any CPU
		{1E323A94-2CF9-40EA-8640-BE3820E228FD}.Release|Any CPU.Build.0 = Release|Any CPU
		{1E323A94-2CF9-40EA-8640-BE3820E228FD}.Release|x64.ActiveCfg = Release|Any CPU
		{1E323A94-2CF9-40EA-8640-BE3820E228FD}.Release|x64.Build.0 = Release|Any CPU
		{1E323A94-2CF9-40EA-8640-BE3820E228FD}.Release|x86.ActiveCfg = Release|Any CPU
		{1E323A94-2CF9-40EA-8640-BE3820E228FD}.Release|x86.Build.0 = Release|Any CPU
	EndGlobalSection
	GlobalSection(SolutionProperties) = preSolution
		HideSolutionNode = FALSE
	EndGlobalSection
	GlobalSection(ExtensibilityGlobals) = postSolution
		SolutionGuid = {0A3EBD2F-971A-4257-A819-182B36E54D0E}
	EndGlobalSection
EndGlobal
